
Microsoft Visual Studio Solution File, Format Version 12.00
# Visual Studio Version 17
VisualStudioVersion = 17.11.35222.181
MinimumVisualStudioVersion = 10.0.40219.1
Project("{2150E333-8FDC-42A3-9474-1A3956D46DE8}") = "Solution Items", "Solution Items", "{1654AACE-49F1-4FE8-A291-C09EA48EDBAD}"
	ProjectSection(SolutionItems) = preProject
		.editorconfig = .editorconfig
		.gitignore = .gitignore
		Directory.Build.props = Directory.Build.props
		Directory.Packages.props = Directory.Packages.props
	EndProjectSection
EndProject
Project("{9A19103F-16F7-4668-BE54-9A1E7A4F7556}") = "Chameleon.lib.Playwright", "Chameleon.lib.Playwright\Chameleon.lib.Playwright.csproj", "{204EB71F-2069-418C-A4D1-01409FEF8253}"
EndProject
Project("{9A19103F-16F7-4668-BE54-9A1E7A4F7556}") = "chameleon.assets", "Chameleon.Assets\chameleon.assets.csproj", "{F2358F28-43B3-452B-A124-C7BD67174878}"
EndProject
Project("{9A19103F-16F7-4668-BE54-9A1E7A4F7556}") = "Chameleon.lib.Api", "Chameleon.lib.Api\Chameleon.lib.Api.csproj", "{DA0C5DB8-AD43-4C75-A639-8AD9A8BD4A5D}"
EndProject
Project("{FAE04EC0-301F-11D3-BF4B-00C04F79EFBC}") = "Chameleon.lib", "Chameleon.lib\Chameleon.lib.csproj", "{05BCCE4F-59B1-4DFE-8292-E71D4E44922A}"
EndProject
Project("{FAE04EC0-301F-11D3-BF4B-00C04F79EFBC}") = "Tests", "Tests\Tests.csproj", "{D00DF5EF-7F39-4693-80B5-5ABE7D5F8E60}"
EndProject
Global
	GlobalSection(SolutionConfigurationPlatforms) = preSolution
		Debug|Any CPU = Debug|Any CPU
		Debug|x64 = Debug|x64
		Debug|x86 = Debug|x86
		Release|Any CPU = Release|Any CPU
		Release|x64 = Release|x64
		Release|x86 = Release|x86
		ReleaseAvalonia|Any CPU = ReleaseAvalonia|Any CPU
		ReleaseAvalonia|x64 = ReleaseAvalonia|x64
		ReleaseAvalonia|x86 = ReleaseAvalonia|x86
		ReleaseAvaloniaRemoteDebugSupport|Any CPU = ReleaseAvaloniaRemoteDebugSupport|Any CPU
		ReleaseAvaloniaRemoteDebugSupport|x64 = ReleaseAvaloniaRemoteDebugSupport|x64
		ReleaseAvaloniaRemoteDebugSupport|x86 = ReleaseAvaloniaRemoteDebugSupport|x86
		ReleaseWPF|Any CPU = ReleaseWPF|Any CPU
		ReleaseWPF|x64 = ReleaseWPF|x64
		ReleaseWPF|x86 = ReleaseWPF|x86
	EndGlobalSection
	GlobalSection(ProjectConfigurationPlatforms) = postSolution
		{204EB71F-2069-418C-A4D1-01409FEF8253}.Debug|Any CPU.ActiveCfg = Debug|Any CPU
		{204EB71F-2069-418C-A4D1-01409FEF8253}.Debug|Any CPU.Build.0 = Debug|Any CPU
		{204EB71F-2069-418C-A4D1-01409FEF8253}.Debug|x64.ActiveCfg = Debug|Any CPU
		{204EB71F-2069-418C-A4D1-01409FEF8253}.Debug|x64.Build.0 = Debug|Any CPU
		{204EB71F-2069-418C-A4D1-01409FEF8253}.Debug|x86.ActiveCfg = Debug|Any CPU
		{204EB71F-2069-418C-A4D1-01409FEF8253}.Debug|x86.Build.0 = Debug|Any CPU
		{204EB71F-2069-418C-A4D1-01409FEF8253}.Release|Any CPU.ActiveCfg = Release|Any CPU
		{204EB71F-2069-418C-A4D1-01409FEF8253}.Release|Any CPU.Build.0 = Release|Any CPU
		{204EB71F-2069-418C-A4D1-01409FEF8253}.Release|x64.ActiveCfg = Release|Any CPU
		{204EB71F-2069-418C-A4D1-01409FEF8253}.Release|x64.Build.0 = Release|Any CPU
		{204EB71F-2069-418C-A4D1-01409FEF8253}.Release|x86.ActiveCfg = Release|Any CPU
		{204EB71F-2069-418C-A4D1-01409FEF8253}.Release|x86.Build.0 = Release|Any CPU
		{204EB71F-2069-418C-A4D1-01409FEF8253}.ReleaseAvalonia|Any CPU.ActiveCfg = Release|Any CPU
		{204EB71F-2069-418C-A4D1-01409FEF8253}.ReleaseAvalonia|Any CPU.Build.0 = Release|Any CPU
		{204EB71F-2069-418C-A4D1-01409FEF8253}.ReleaseAvalonia|x64.ActiveCfg = ReleaseAvalonia|Any CPU
		{204EB71F-2069-418C-A4D1-01409FEF8253}.ReleaseAvalonia|x64.Build.0 = ReleaseAvalonia|Any CPU
		{204EB71F-2069-418C-A4D1-01409FEF8253}.ReleaseAvalonia|x86.ActiveCfg = ReleaseAvalonia|Any CPU
		{204EB71F-2069-418C-A4D1-01409FEF8253}.ReleaseAvalonia|x86.Build.0 = ReleaseAvalonia|Any CPU
		{204EB71F-2069-418C-A4D1-01409FEF8253}.ReleaseAvaloniaRemoteDebugSupport|Any CPU.ActiveCfg = Release|Any CPU
		{204EB71F-2069-418C-A4D1-01409FEF8253}.ReleaseAvaloniaRemoteDebugSupport|Any CPU.Build.0 = Release|Any CPU
		{204EB71F-2069-418C-A4D1-01409FEF8253}.ReleaseAvaloniaRemoteDebugSupport|x64.ActiveCfg = ReleaseAvaloniaRemoteDebugSupport|Any CPU
		{204EB71F-2069-418C-A4D1-01409FEF8253}.ReleaseAvaloniaRemoteDebugSupport|x64.Build.0 = ReleaseAvaloniaRemoteDebugSupport|Any CPU
		{204EB71F-2069-418C-A4D1-01409FEF8253}.ReleaseAvaloniaRemoteDebugSupport|x86.ActiveCfg = ReleaseAvaloniaRemoteDebugSupport|Any CPU
		{204EB71F-2069-418C-A4D1-01409FEF8253}.ReleaseAvaloniaRemoteDebugSupport|x86.Build.0 = ReleaseAvaloniaRemoteDebugSupport|Any CPU
		{204EB71F-2069-418C-A4D1-01409FEF8253}.ReleaseWPF|Any CPU.ActiveCfg = Release|Any CPU
		{204EB71F-2069-418C-A4D1-01409FEF8253}.ReleaseWPF|Any CPU.Build.0 = Release|Any CPU
		{204EB71F-2069-418C-A4D1-01409FEF8253}.ReleaseWPF|x64.ActiveCfg = ReleaseWPF|Any CPU
		{204EB71F-2069-418C-A4D1-01409FEF8253}.ReleaseWPF|x64.Build.0 = ReleaseWPF|Any CPU
		{204EB71F-2069-418C-A4D1-01409FEF8253}.ReleaseWPF|x86.ActiveCfg = ReleaseWPF|Any CPU
		{204EB71F-2069-418C-A4D1-01409FEF8253}.ReleaseWPF|x86.Build.0 = ReleaseWPF|Any CPU
		{F2358F28-43B3-452B-A124-C7BD67174878}.Debug|Any CPU.ActiveCfg = Debug|Any CPU
		{F2358F28-43B3-452B-A124-C7BD67174878}.Debug|Any CPU.Build.0 = Debug|Any CPU
		{F2358F28-43B3-452B-A124-C7BD67174878}.Debug|x64.ActiveCfg = Debug|Any CPU
		{F2358F28-43B3-452B-A124-C7BD67174878}.Debug|x64.Build.0 = Debug|Any CPU
		{F2358F28-43B3-452B-A124-C7BD67174878}.Debug|x86.ActiveCfg = Debug|Any CPU
		{F2358F28-43B3-452B-A124-C7BD67174878}.Debug|x86.Build.0 = Debug|Any CPU
		{F2358F28-43B3-452B-A124-C7BD67174878}.Release|Any CPU.ActiveCfg = Release|Any CPU
		{F2358F28-43B3-452B-A124-C7BD67174878}.Release|Any CPU.Build.0 = Release|Any CPU
		{F2358F28-43B3-452B-A124-C7BD67174878}.Release|x64.ActiveCfg = Release|Any CPU
		{F2358F28-43B3-452B-A124-C7BD67174878}.Release|x64.Build.0 = Release|Any CPU
		{F2358F28-43B3-452B-A124-C7BD67174878}.Release|x86.ActiveCfg = Release|Any CPU
		{F2358F28-43B3-452B-A124-C7BD67174878}.Release|x86.Build.0 = Release|Any CPU
		{F2358F28-43B3-452B-A124-C7BD67174878}.ReleaseAvalonia|Any CPU.ActiveCfg = Release|Any CPU
		{F2358F28-43B3-452B-A124-C7BD67174878}.ReleaseAvalonia|Any CPU.Build.0 = Release|Any CPU
		{F2358F28-43B3-452B-A124-C7BD67174878}.ReleaseAvalonia|x64.ActiveCfg = ReleaseAvalonia|Any CPU
		{F2358F28-43B3-452B-A124-C7BD67174878}.ReleaseAvalonia|x64.Build.0 = ReleaseAvalonia|Any CPU
		{F2358F28-43B3-452B-A124-C7BD67174878}.ReleaseAvalonia|x86.ActiveCfg = ReleaseAvalonia|Any CPU
		{F2358F28-43B3-452B-A124-C7BD67174878}.ReleaseAvalonia|x86.Build.0 = ReleaseAvalonia|Any CPU
		{F2358F28-43B3-452B-A124-C7BD67174878}.ReleaseAvaloniaRemoteDebugSupport|Any CPU.ActiveCfg = Release|Any CPU
		{F2358F28-43B3-452B-A124-C7BD67174878}.ReleaseAvaloniaRemoteDebugSupport|Any CPU.Build.0 = Release|Any CPU
		{F2358F28-43B3-452B-A124-C7BD67174878}.ReleaseAvaloniaRemoteDebugSupport|x64.ActiveCfg = ReleaseAvaloniaRemoteDebugSupport|Any CPU
		{F2358F28-43B3-452B-A124-C7BD67174878}.ReleaseAvaloniaRemoteDebugSupport|x64.Build.0 = ReleaseAvaloniaRemoteDebugSupport|Any CPU
		{F2358F28-43B3-452B-A124-C7BD67174878}.ReleaseAvaloniaRemoteDebugSupport|x86.ActiveCfg = ReleaseAvaloniaRemoteDebugSupport|Any CPU
		{F2358F28-43B3-452B-A124-C7BD67174878}.ReleaseAvaloniaRemoteDebugSupport|x86.Build.0 = ReleaseAvaloniaRemoteDebugSupport|Any CPU
		{F2358F28-43B3-452B-A124-C7BD67174878}.ReleaseWPF|Any CPU.ActiveCfg = Release|Any CPU
		{F2358F28-43B3-452B-A124-C7BD67174878}.ReleaseWPF|Any CPU.Build.0 = Release|Any CPU
		{F2358F28-43B3-452B-A124-C7BD67174878}.ReleaseWPF|x64.ActiveCfg = ReleaseWPF|Any CPU
		{F2358F28-43B3-452B-A124-C7BD67174878}.ReleaseWPF|x64.Build.0 = ReleaseWPF|Any CPU
		{F2358F28-43B3-452B-A124-C7BD67174878}.ReleaseWPF|x86.ActiveCfg = ReleaseWPF|Any CPU
		{F2358F28-43B3-452B-A124-C7BD67174878}.ReleaseWPF|x86.Build.0 = ReleaseWPF|Any CPU
		{DA0C5DB8-AD43-4C75-A639-8AD9A8BD4A5D}.Debug|Any CPU.ActiveCfg = Debug|Any CPU
		{DA0C5DB8-AD43-4C75-A639-8AD9A8BD4A5D}.Debug|Any CPU.Build.0 = Debug|Any CPU
		{DA0C5DB8-AD43-4C75-A639-8AD9A8BD4A5D}.Debug|x64.ActiveCfg = Debug|Any CPU
		{DA0C5DB8-AD43-4C75-A639-8AD9A8BD4A5D}.Debug|x64.Build.0 = Debug|Any CPU
		{DA0C5DB8-AD43-4C75-A639-8AD9A8BD4A5D}.Debug|x86.ActiveCfg = Debug|Any CPU
		{DA0C5DB8-AD43-4C75-A639-8AD9A8BD4A5D}.Debug|x86.Build.0 = Debug|Any CPU
		{DA0C5DB8-AD43-4C75-A639-8AD9A8BD4A5D}.Release|Any CPU.ActiveCfg = Release|Any CPU
		{DA0C5DB8-AD43-4C75-A639-8AD9A8BD4A5D}.Release|Any CPU.Build.0 = Release|Any CPU
		{DA0C5DB8-AD43-4C75-A639-8AD9A8BD4A5D}.Release|x64.ActiveCfg = Release|Any CPU
		{DA0C5DB8-AD43-4C75-A639-8AD9A8BD4A5D}.Release|x64.Build.0 = Release|Any CPU
		{DA0C5DB8-AD43-4C75-A639-8AD9A8BD4A5D}.Release|x86.ActiveCfg = Release|Any CPU
		{DA0C5DB8-AD43-4C75-A639-8AD9A8BD4A5D}.Release|x86.Build.0 = Release|Any CPU
		{DA0C5DB8-AD43-4C75-A639-8AD9A8BD4A5D}.ReleaseAvalonia|Any CPU.ActiveCfg = Release|Any CPU
		{DA0C5DB8-AD43-4C75-A639-8AD9A8BD4A5D}.ReleaseAvalonia|Any CPU.Build.0 = Release|Any CPU
		{DA0C5DB8-AD43-4C75-A639-8AD9A8BD4A5D}.ReleaseAvalonia|x64.ActiveCfg = ReleaseAvalonia|Any CPU
		{DA0C5DB8-AD43-4C75-A639-8AD9A8BD4A5D}.ReleaseAvalonia|x64.Build.0 = ReleaseAvalonia|Any CPU
		{DA0C5DB8-AD43-4C75-A639-8AD9A8BD4A5D}.ReleaseAvalonia|x86.ActiveCfg = ReleaseAvalonia|Any CPU
		{DA0C5DB8-AD43-4C75-A639-8AD9A8BD4A5D}.ReleaseAvalonia|x86.Build.0 = ReleaseAvalonia|Any CPU
		{DA0C5DB8-AD43-4C75-A639-8AD9A8BD4A5D}.ReleaseAvaloniaRemoteDebugSupport|Any CPU.ActiveCfg = Release|Any CPU
		{DA0C5DB8-AD43-4C75-A639-8AD9A8BD4A5D}.ReleaseAvaloniaRemoteDebugSupport|Any CPU.Build.0 = Release|Any CPU
		{DA0C5DB8-AD43-4C75-A639-8AD9A8BD4A5D}.ReleaseAvaloniaRemoteDebugSupport|x64.ActiveCfg = ReleaseAvaloniaRemoteDebugSupport|Any CPU
		{DA0C5DB8-AD43-4C75-A639-8AD9A8BD4A5D}.ReleaseAvaloniaRemoteDebugSupport|x64.Build.0 = ReleaseAvaloniaRemoteDebugSupport|Any CPU
		{DA0C5DB8-AD43-4C75-A639-8AD9A8BD4A5D}.ReleaseAvaloniaRemoteDebugSupport|x86.ActiveCfg = ReleaseAvaloniaRemoteDebugSupport|Any CPU
		{DA0C5DB8-AD43-4C75-A639-8AD9A8BD4A5D}.ReleaseAvaloniaRemoteDebugSupport|x86.Build.0 = ReleaseAvaloniaRemoteDebugSupport|Any CPU
		{DA0C5DB8-AD43-4C75-A639-8AD9A8BD4A5D}.ReleaseWPF|Any CPU.ActiveCfg = Release|Any CPU
		{DA0C5DB8-AD43-4C75-A639-8AD9A8BD4A5D}.ReleaseWPF|Any CPU.Build.0 = Release|Any CPU
		{DA0C5DB8-AD43-4C75-A639-8AD9A8BD4A5D}.ReleaseWPF|x64.ActiveCfg = ReleaseWPF|Any CPU
		{DA0C5DB8-AD43-4C75-A639-8AD9A8BD4A5D}.ReleaseWPF|x64.Build.0 = ReleaseWPF|Any CPU
		{DA0C5DB8-AD43-4C75-A639-8AD9A8BD4A5D}.ReleaseWPF|x86.ActiveCfg = ReleaseWPF|Any CPU
		{DA0C5DB8-AD43-4C75-A639-8AD9A8BD4A5D}.ReleaseWPF|x86.Build.0 = ReleaseWPF|Any CPU
		{05BCCE4F-59B1-4DFE-8292-E71D4E44922A}.Debug|Any CPU.ActiveCfg = Debug|Any CPU
		{05BCCE4F-59B1-4DFE-8292-E71D4E44922A}.Debug|Any CPU.Build.0 = Debug|Any CPU
		{05BCCE4F-59B1-4DFE-8292-E71D4E44922A}.Debug|x64.ActiveCfg = Debug|Any CPU
		{05BCCE4F-59B1-4DFE-8292-E71D4E44922A}.Debug|x64.Build.0 = Debug|Any CPU
		{05BCCE4F-59B1-4DFE-8292-E71D4E44922A}.Debug|x86.ActiveCfg = Debug|Any CPU
		{05BCCE4F-59B1-4DFE-8292-E71D4E44922A}.Debug|x86.Build.0 = Debug|Any CPU
		{05BCCE4F-59B1-4DFE-8292-E71D4E44922A}.Release|Any CPU.ActiveCfg = Release|Any CPU
		{05BCCE4F-59B1-4DFE-8292-E71D4E44922A}.Release|Any CPU.Build.0 = Release|Any CPU
		{05BCCE4F-59B1-4DFE-8292-E71D4E44922A}.Release|x64.ActiveCfg = Release|Any CPU
		{05BCCE4F-59B1-4DFE-8292-E71D4E44922A}.Release|x64.Build.0 = Release|Any CPU
		{05BCCE4F-59B1-4DFE-8292-E71D4E44922A}.Release|x86.ActiveCfg = Release|Any CPU
		{05BCCE4F-59B1-4DFE-8292-E71D4E44922A}.Release|x86.Build.0 = Release|Any CPU
		{05BCCE4F-59B1-4DFE-8292-E71D4E44922A}.ReleaseAvalonia|Any CPU.ActiveCfg = Release|Any CPU
		{05BCCE4F-59B1-4DFE-8292-E71D4E44922A}.ReleaseAvalonia|Any CPU.Build.0 = Release|Any CPU
		{05BCCE4F-59B1-4DFE-8292-E71D4E44922A}.ReleaseAvalonia|x64.ActiveCfg = ReleaseAvalonia|Any CPU
		{05BCCE4F-59B1-4DFE-8292-E71D4E44922A}.ReleaseAvalonia|x64.Build.0 = ReleaseAvalonia|Any CPU
		{05BCCE4F-59B1-4DFE-8292-E71D4E44922A}.ReleaseAvalonia|x86.ActiveCfg = ReleaseAvalonia|Any CPU
		{05BCCE4F-59B1-4DFE-8292-E71D4E44922A}.ReleaseAvalonia|x86.Build.0 = ReleaseAvalonia|Any CPU
		{05BCCE4F-59B1-4DFE-8292-E71D4E44922A}.ReleaseAvaloniaRemoteDebugSupport|Any CPU.ActiveCfg = Release|Any CPU
		{05BCCE4F-59B1-4DFE-8292-E71D4E44922A}.ReleaseAvaloniaRemoteDebugSupport|Any CPU.Build.0 = Release|Any CPU
		{05BCCE4F-59B1-4DFE-8292-E71D4E44922A}.ReleaseAvaloniaRemoteDebugSupport|x64.ActiveCfg = ReleaseAvaloniaRemoteDebugSupport|Any CPU
		{05BCCE4F-59B1-4DFE-8292-E71D4E44922A}.ReleaseAvaloniaRemoteDebugSupport|x64.Build.0 = ReleaseAvaloniaRemoteDebugSupport|Any CPU
		{05BCCE4F-59B1-4DFE-8292-E71D4E44922A}.ReleaseAvaloniaRemoteDebugSupport|x86.ActiveCfg = ReleaseAvaloniaRemoteDebugSupport|Any CPU
		{05BCCE4F-59B1-4DFE-8292-E71D4E44922A}.ReleaseAvaloniaRemoteDebugSupport|x86.Build.0 = ReleaseAvaloniaRemoteDebugSupport|Any CPU
		{05BCCE4F-59B1-4DFE-8292-E71D4E44922A}.ReleaseWPF|Any CPU.ActiveCfg = Release|Any CPU
		{05BCCE4F-59B1-4DFE-8292-E71D4E44922A}.ReleaseWPF|Any CPU.Build.0 = Release|Any CPU
		{05BCCE4F-59B1-4DFE-8292-E71D4E44922A}.ReleaseWPF|x64.ActiveCfg = ReleaseWPF|Any CPU
		{05BCCE4F-59B1-4DFE-8292-E71D4E44922A}.ReleaseWPF|x64.Build.0 = ReleaseWPF|Any CPU
		{05BCCE4F-59B1-4DFE-8292-E71D4E44922A}.ReleaseWPF|x86.ActiveCfg = ReleaseWPF|Any CPU
		{05BCCE4F-59B1-4DFE-8292-E71D4E44922A}.ReleaseWPF|x86.Build.0 = ReleaseWPF|Any CPU
		{D00DF5EF-7F39-4693-80B5-5ABE7D5F8E60}.Debug|Any CPU.ActiveCfg = Debug|Any CPU
		{D00DF5EF-7F39-4693-80B5-5ABE7D5F8E60}.Debug|Any CPU.Build.0 = Debug|Any CPU
		{D00DF5EF-7F39-4693-80B5-5ABE7D5F8E60}.Debug|x64.ActiveCfg = Debug|Any CPU
		{D00DF5EF-7F39-4693-80B5-5ABE7D5F8E60}.Debug|x64.Build.0 = Debug|Any CPU
		{D00DF5EF-7F39-4693-80B5-5ABE7D5F8E60}.Debug|x86.ActiveCfg = Debug|Any CPU
		{D00DF5EF-7F39-4693-80B5-5ABE7D5F8E60}.Debug|x86.Build.0 = Debug|Any CPU
		{D00DF5EF-7F39-4693-80B5-5ABE7D5F8E60}.Release|Any CPU.ActiveCfg = Release|Any CPU
		{D00DF5EF-7F39-4693-80B5-5ABE7D5F8E60}.Release|Any CPU.Build.0 = Release|Any CPU
		{D00DF5EF-7F39-4693-80B5-5ABE7D5F8E60}.Release|x64.ActiveCfg = Release|Any CPU
		{D00DF5EF-7F39-4693-80B5-5ABE7D5F8E60}.Release|x64.Build.0 = Release|Any CPU
		{D00DF5EF-7F39-4693-80B5-5ABE7D5F8E60}.Release|x86.ActiveCfg = Release|Any CPU
		{D00DF5EF-7F39-4693-80B5-5ABE7D5F8E60}.Release|x86.Build.0 = Release|Any CPU
		{D00DF5EF-7F39-4693-80B5-5ABE7D5F8E60}.ReleaseAvalonia|Any CPU.ActiveCfg = Debug|Any CPU
		{D00DF5EF-7F39-4693-80B5-5ABE7D5F8E60}.ReleaseAvalonia|Any CPU.Build.0 = Debug|Any CPU
		{D00DF5EF-7F39-4693-80B5-5ABE7D5F8E60}.ReleaseAvalonia|x64.ActiveCfg = Debug|Any CPU
		{D00DF5EF-7F39-4693-80B5-5ABE7D5F8E60}.ReleaseAvalonia|x64.Build.0 = Debug|Any CPU
		{D00DF5EF-7F39-4693-80B5-5ABE7D5F8E60}.ReleaseAvalonia|x86.ActiveCfg = Debug|Any CPU
		{D00DF5EF-7F39-4693-80B5-5ABE7D5F8E60}.ReleaseAvalonia|x86.Build.0 = Debug|Any CPU
		{D00DF5EF-7F39-4693-80B5-5ABE7D5F8E60}.ReleaseAvaloniaRemoteDebugSupport|Any CPU.ActiveCfg = Debug|Any CPU
		{D00DF5EF-7F39-4693-80B5-5ABE7D5F8E60}.ReleaseAvaloniaRemoteDebugSupport|Any CPU.Build.0 = Debug|Any CPU
		{D00DF5EF-7F39-4693-80B5-5ABE7D5F8E60}.ReleaseAvaloniaRemoteDebugSupport|x64.ActiveCfg = Debug|Any CPU
		{D00DF5EF-7F39-4693-80B5-5ABE7D5F8E60}.ReleaseAvaloniaRemoteDebugSupport|x64.Build.0 = Debug|Any CPU
		{D00DF5EF-7F39-4693-80B5-5ABE7D5F8E60}.ReleaseAvaloniaRemoteDebugSupport|x86.ActiveCfg = Debug|Any CPU
		{D00DF5EF-7F39-4693-80B5-5ABE7D5F8E60}.ReleaseAvaloniaRemoteDebugSupport|x86.Build.0 = Debug|Any CPU
		{D00DF5EF-7F39-4693-80B5-5ABE7D5F8E60}.ReleaseWPF|Any CPU.ActiveCfg = Debug|Any CPU
		{D00DF5EF-7F39-4693-80B5-5ABE7D5F8E60}.ReleaseWPF|Any CPU.Build.0 = Debug|Any CPU
		{D00DF5EF-7F39-4693-80B5-5ABE7D5F8E60}.ReleaseWPF|x64.ActiveCfg = Debug|Any CPU
		{D00DF5EF-7F39-4693-80B5-5ABE7D5F8E60}.ReleaseWPF|x64.Build.0 = Debug|Any CPU
		{D00DF5EF-7F39-4693-80B5-5ABE7D5F8E60}.ReleaseWPF|x86.ActiveCfg = Debug|Any CPU
		{D00DF5EF-7F39-4693-80B5-5ABE7D5F8E60}.ReleaseWPF|x86.Build.0 = Debug|Any CPU
	EndGlobalSection
	GlobalSection(SolutionProperties) = preSolution
		HideSolutionNode = FALSE
	EndGlobalSection
	GlobalSection(ExtensibilityGlobals) = postSolution
		SolutionGuid = {E764A32A-70F5-4AD6-9CE0-F227CB3DAD30}
	EndGlobalSection
EndGlobal
